
Microsoft Visual Studio Solution File, Format Version 12.00
# Visual Studio Version 16
VisualStudioVersion = 16.0.31129.286
MinimumVisualStudioVersion = 10.0.40219.1
Project("{FAE04EC0-301F-11D3-BF4B-00C04F79EFBC}") = "detyra6", "detyra6\detyra6.csproj", "{DB285D85-7FE0-468A-A0D1-250200DDA835}"
EndProject
Global
	GlobalSection(SolutionConfigurationPlatforms) = preSolution
		Debug|Any CPU = Debug|Any CPU
		Release|Any CPU = Release|Any CPU
	EndGlobalSection
	GlobalSection(ProjectConfigurationPlatforms) = postSolution
		{DB285D85-7FE0-468A-A0D1-250200DDA835}.Debug|Any CPU.ActiveCfg = Debug|Any CPU
		{DB285D85-7FE0-468A-A0D1-250200DDA835}.Debug|Any CPU.Build.0 = Debug|Any CPU
		{DB285D85-7FE0-468A-A0D1-250200DDA835}.Release|Any CPU.ActiveCfg = Release|Any CPU
		{DB285D85-7FE0-468A-A0D1-250200DDA835}.Release|Any CPU.Build.0 = Release|Any CPU
	EndGlobalSection
	GlobalSection(SolutionProperties) = preSolution
		HideSolutionNode = FALSE
	EndGlobalSection
	GlobalSection(ExtensibilityGlobals) = postSolution
		SolutionGuid = {53366891-ECF1-4311-811D-783B509718D9}
	EndGlobalSection
EndGlobal
