
Microsoft Visual Studio Solution File, Format Version 12.00
# Visual Studio Version 16
VisualStudioVersion = 16.0.31129.286
MinimumVisualStudioVersion = 10.0.40219.1
Project("{FAE04EC0-301F-11D3-BF4B-00C04F79EFBC}") = "detyra3", "detyra3\detyra3.csproj", "{5A53387E-2745-4BE2-B5EF-62653015AB7E}"
EndProject
Global
	GlobalSection(SolutionConfigurationPlatforms) = preSolution
		Debug|Any CPU = Debug|Any CPU
		Release|Any CPU = Release|Any CPU
	EndGlobalSection
	GlobalSection(ProjectConfigurationPlatforms) = postSolution
		{5A53387E-2745-4BE2-B5EF-62653015AB7E}.Debug|Any CPU.ActiveCfg = Debug|Any CPU
		{5A53387E-2745-4BE2-B5EF-62653015AB7E}.Debug|Any CPU.Build.0 = Debug|Any CPU
		{5A53387E-2745-4BE2-B5EF-62653015AB7E}.Release|Any CPU.ActiveCfg = Release|Any CPU
		{5A53387E-2745-4BE2-B5EF-62653015AB7E}.Release|Any CPU.Build.0 = Release|Any CPU
	EndGlobalSection
	GlobalSection(SolutionProperties) = preSolution
		HideSolutionNode = FALSE
	EndGlobalSection
	GlobalSection(ExtensibilityGlobals) = postSolution
		SolutionGuid = {9FA8D05F-BBEB-47EF-9A7F-C29C6BAFA58B}
	EndGlobalSection
EndGlobal
