
Microsoft Visual Studio Solution File, Format Version 12.00
# Visual Studio Version 16
VisualStudioVersion = 16.0.31129.286
MinimumVisualStudioVersion = 10.0.40219.1
Project("{FAE04EC0-301F-11D3-BF4B-00C04F79EFBC}") = "detyra14", "detyra14\detyra14.csproj", "{29A8EA15-6C9E-4C41-B8EC-90893B4035FB}"
EndProject
Global
	GlobalSection(SolutionConfigurationPlatforms) = preSolution
		Debug|Any CPU = Debug|Any CPU
		Release|Any CPU = Release|Any CPU
	EndGlobalSection
	GlobalSection(ProjectConfigurationPlatforms) = postSolution
		{29A8EA15-6C9E-4C41-B8EC-90893B4035FB}.Debug|Any CPU.ActiveCfg = Debug|Any CPU
		{29A8EA15-6C9E-4C41-B8EC-90893B4035FB}.Debug|Any CPU.Build.0 = Debug|Any CPU
		{29A8EA15-6C9E-4C41-B8EC-90893B4035FB}.Release|Any CPU.ActiveCfg = Release|Any CPU
		{29A8EA15-6C9E-4C41-B8EC-90893B4035FB}.Release|Any CPU.Build.0 = Release|Any CPU
	EndGlobalSection
	GlobalSection(SolutionProperties) = preSolution
		HideSolutionNode = FALSE
	EndGlobalSection
	GlobalSection(ExtensibilityGlobals) = postSolution
		SolutionGuid = {2505F5DC-9540-4FB4-B162-371731FBE8C8}
	EndGlobalSection
EndGlobal
