
Microsoft Visual Studio Solution File, Format Version 12.00
# Visual Studio Version 16
VisualStudioVersion = 16.0.31129.286
MinimumVisualStudioVersion = 10.0.40219.1
Project("{FAE04EC0-301F-11D3-BF4B-00C04F79EFBC}") = "detyra17", "detyra17\detyra17.csproj", "{B79FC98C-C1BD-4DF0-904F-1C1D43B23889}"
EndProject
Global
	GlobalSection(SolutionConfigurationPlatforms) = preSolution
		Debug|Any CPU = Debug|Any CPU
		Release|Any CPU = Release|Any CPU
	EndGlobalSection
	GlobalSection(ProjectConfigurationPlatforms) = postSolution
		{B79FC98C-C1BD-4DF0-904F-1C1D43B23889}.Debug|Any CPU.ActiveCfg = Debug|Any CPU
		{B79FC98C-C1BD-4DF0-904F-1C1D43B23889}.Debug|Any CPU.Build.0 = Debug|Any CPU
		{B79FC98C-C1BD-4DF0-904F-1C1D43B23889}.Release|Any CPU.ActiveCfg = Release|Any CPU
		{B79FC98C-C1BD-4DF0-904F-1C1D43B23889}.Release|Any CPU.Build.0 = Release|Any CPU
	EndGlobalSection
	GlobalSection(SolutionProperties) = preSolution
		HideSolutionNode = FALSE
	EndGlobalSection
	GlobalSection(ExtensibilityGlobals) = postSolution
		SolutionGuid = {87F7636F-3857-4C02-93FC-C78E36F61179}
	EndGlobalSection
EndGlobal
