
Microsoft Visual Studio Solution File, Format Version 12.00
# Visual Studio Version 16
VisualStudioVersion = 16.0.31129.286
MinimumVisualStudioVersion = 10.0.40219.1
Project("{FAE04EC0-301F-11D3-BF4B-00C04F79EFBC}") = "detyra1", "detyra1\detyra1.csproj", "{4CEBE87C-7D46-45CB-B2C8-7210D5120987}"
EndProject
Global
	GlobalSection(SolutionConfigurationPlatforms) = preSolution
		Debug|Any CPU = Debug|Any CPU
		Release|Any CPU = Release|Any CPU
	EndGlobalSection
	GlobalSection(ProjectConfigurationPlatforms) = postSolution
		{4CEBE87C-7D46-45CB-B2C8-7210D5120987}.Debug|Any CPU.ActiveCfg = Debug|Any CPU
		{4CEBE87C-7D46-45CB-B2C8-7210D5120987}.Debug|Any CPU.Build.0 = Debug|Any CPU
		{4CEBE87C-7D46-45CB-B2C8-7210D5120987}.Release|Any CPU.ActiveCfg = Release|Any CPU
		{4CEBE87C-7D46-45CB-B2C8-7210D5120987}.Release|Any CPU.Build.0 = Release|Any CPU
	EndGlobalSection
	GlobalSection(SolutionProperties) = preSolution
		HideSolutionNode = FALSE
	EndGlobalSection
	GlobalSection(ExtensibilityGlobals) = postSolution
		SolutionGuid = {AA883C2F-93E0-45C4-AF1B-A57C4572FBAF}
	EndGlobalSection
EndGlobal
