
Microsoft Visual Studio Solution File, Format Version 12.00
# Visual Studio Version 16
VisualStudioVersion = 16.0.31129.286
MinimumVisualStudioVersion = 10.0.40219.1
Project("{FAE04EC0-301F-11D3-BF4B-00C04F79EFBC}") = "detyra2", "detyra2\detyra2.csproj", "{437C5145-A488-401E-9833-B8169CD6C840}"
EndProject
Global
	GlobalSection(SolutionConfigurationPlatforms) = preSolution
		Debug|Any CPU = Debug|Any CPU
		Release|Any CPU = Release|Any CPU
	EndGlobalSection
	GlobalSection(ProjectConfigurationPlatforms) = postSolution
		{437C5145-A488-401E-9833-B8169CD6C840}.Debug|Any CPU.ActiveCfg = Debug|Any CPU
		{437C5145-A488-401E-9833-B8169CD6C840}.Debug|Any CPU.Build.0 = Debug|Any CPU
		{437C5145-A488-401E-9833-B8169CD6C840}.Release|Any CPU.ActiveCfg = Release|Any CPU
		{437C5145-A488-401E-9833-B8169CD6C840}.Release|Any CPU.Build.0 = Release|Any CPU
	EndGlobalSection
	GlobalSection(SolutionProperties) = preSolution
		HideSolutionNode = FALSE
	EndGlobalSection
	GlobalSection(ExtensibilityGlobals) = postSolution
		SolutionGuid = {41BCAF3D-55BC-4080-B598-C8D3C264ACC9}
	EndGlobalSection
EndGlobal
