
Microsoft Visual Studio Solution File, Format Version 12.00
# Visual Studio Version 16
VisualStudioVersion = 16.0.31129.286
MinimumVisualStudioVersion = 10.0.40219.1
Project("{FAE04EC0-301F-11D3-BF4B-00C04F79EFBC}") = "detyra1", "detyra1\detyra1.csproj", "{34CA2400-A39D-497C-A98A-5AB2203A9E9C}"
EndProject
Global
	GlobalSection(SolutionConfigurationPlatforms) = preSolution
		Debug|Any CPU = Debug|Any CPU
		Release|Any CPU = Release|Any CPU
	EndGlobalSection
	GlobalSection(ProjectConfigurationPlatforms) = postSolution
		{34CA2400-A39D-497C-A98A-5AB2203A9E9C}.Debug|Any CPU.ActiveCfg = Debug|Any CPU
		{34CA2400-A39D-497C-A98A-5AB2203A9E9C}.Debug|Any CPU.Build.0 = Debug|Any CPU
		{34CA2400-A39D-497C-A98A-5AB2203A9E9C}.Release|Any CPU.ActiveCfg = Release|Any CPU
		{34CA2400-A39D-497C-A98A-5AB2203A9E9C}.Release|Any CPU.Build.0 = Release|Any CPU
	EndGlobalSection
	GlobalSection(SolutionProperties) = preSolution
		HideSolutionNode = FALSE
	EndGlobalSection
	GlobalSection(ExtensibilityGlobals) = postSolution
		SolutionGuid = {F08E946B-7C26-40BA-96EF-7221C24BE86B}
	EndGlobalSection
EndGlobal
