
Microsoft Visual Studio Solution File, Format Version 12.00
# Visual Studio Version 16
VisualStudioVersion = 16.0.31129.286
MinimumVisualStudioVersion = 10.0.40219.1
Project("{FAE04EC0-301F-11D3-BF4B-00C04F79EFBC}") = "detyra21", "detyra21\detyra21.csproj", "{2BAFA9DC-04AF-41A3-A2BA-A2C76D534FBA}"
EndProject
Global
	GlobalSection(SolutionConfigurationPlatforms) = preSolution
		Debug|Any CPU = Debug|Any CPU
		Release|Any CPU = Release|Any CPU
	EndGlobalSection
	GlobalSection(ProjectConfigurationPlatforms) = postSolution
		{2BAFA9DC-04AF-41A3-A2BA-A2C76D534FBA}.Debug|Any CPU.ActiveCfg = Debug|Any CPU
		{2BAFA9DC-04AF-41A3-A2BA-A2C76D534FBA}.Debug|Any CPU.Build.0 = Debug|Any CPU
		{2BAFA9DC-04AF-41A3-A2BA-A2C76D534FBA}.Release|Any CPU.ActiveCfg = Release|Any CPU
		{2BAFA9DC-04AF-41A3-A2BA-A2C76D534FBA}.Release|Any CPU.Build.0 = Release|Any CPU
	EndGlobalSection
	GlobalSection(SolutionProperties) = preSolution
		HideSolutionNode = FALSE
	EndGlobalSection
	GlobalSection(ExtensibilityGlobals) = postSolution
		SolutionGuid = {94D80F7E-3D1C-4BEC-B815-3E21335E8144}
	EndGlobalSection
EndGlobal
