
Microsoft Visual Studio Solution File, Format Version 12.00
# Visual Studio Version 16
VisualStudioVersion = 16.0.31129.286
MinimumVisualStudioVersion = 10.0.40219.1
Project("{FAE04EC0-301F-11D3-BF4B-00C04F79EFBC}") = "detyra7", "detyra7\detyra7.csproj", "{F5FFB74B-3FD2-4C54-A27B-BA30B3112C16}"
EndProject
Global
	GlobalSection(SolutionConfigurationPlatforms) = preSolution
		Debug|Any CPU = Debug|Any CPU
		Release|Any CPU = Release|Any CPU
	EndGlobalSection
	GlobalSection(ProjectConfigurationPlatforms) = postSolution
		{F5FFB74B-3FD2-4C54-A27B-BA30B3112C16}.Debug|Any CPU.ActiveCfg = Debug|Any CPU
		{F5FFB74B-3FD2-4C54-A27B-BA30B3112C16}.Debug|Any CPU.Build.0 = Debug|Any CPU
		{F5FFB74B-3FD2-4C54-A27B-BA30B3112C16}.Release|Any CPU.ActiveCfg = Release|Any CPU
		{F5FFB74B-3FD2-4C54-A27B-BA30B3112C16}.Release|Any CPU.Build.0 = Release|Any CPU
	EndGlobalSection
	GlobalSection(SolutionProperties) = preSolution
		HideSolutionNode = FALSE
	EndGlobalSection
	GlobalSection(ExtensibilityGlobals) = postSolution
		SolutionGuid = {938879E5-3118-4AE6-AA4B-141F5E8927DA}
	EndGlobalSection
EndGlobal
